
Microsoft Visual Studio Solution File, Format Version 12.00
# Visual Studio Version 17
VisualStudioVersion = 17.5.33516.290
MinimumVisualStudioVersion = 10.0.40219.1
Project("{FAE04EC0-301F-11D3-BF4B-00C04F79EFBC}") = "Test", "Test\Test.csproj", "{601D9268-F621-4CF2-BFF7-E9128A938F51}"
EndProject
Global
	GlobalSection(SolutionConfigurationPlatforms) = preSolution
		Debug|Any CPU = Debug|Any CPU
		Release|Any CPU = Release|Any CPU
	EndGlobalSection
	GlobalSection(ProjectConfigurationPlatforms) = postSolution
		{601D9268-F621-4CF2-BFF7-E9128A938F51}.Debug|Any CPU.ActiveCfg = Debug|Any CPU
		{601D9268-F621-4CF2-BFF7-E9128A938F51}.Debug|Any CPU.Build.0 = Debug|Any CPU
		{601D9268-F621-4CF2-BFF7-E9128A938F51}.Release|Any CPU.ActiveCfg = Release|Any CPU
		{601D9268-F621-4CF2-BFF7-E9128A938F51}.Release|Any CPU.Build.0 = Release|Any CPU
	EndGlobalSection
	GlobalSection(SolutionProperties) = preSolution
		HideSolutionNode = FALSE
	EndGlobalSection
	GlobalSection(ExtensibilityGlobals) = postSolution
		SolutionGuid = {8A881B68-70B4-4941-A5BF-F5CE1F1FDE85}
	EndGlobalSection
EndGlobal
